
Microsoft Visual Studio Solution File, Format Version 12.00
# Visual Studio Version 17
VisualStudioVersion = 17.7.34202.233
MinimumVisualStudioVersion = 10.0.40219.1
Project("{9A19103F-16F7-4668-BE54-9A1E7A4F7556}") = "StrategyPattern", "StrategyPattern\StrategyPattern.csproj", "{030DFE94-8A0B-46A2-B272-1F439ABF0B16}"
EndProject
Project("{9A19103F-16F7-4668-BE54-9A1E7A4F7556}") = "ObserverPattern", "ObserverPattern\ObserverPattern.csproj", "{8449DDD9-78BC-4370-B7DD-FAA98CAF9AB1}"
EndProject
Project("{9A19103F-16F7-4668-BE54-9A1E7A4F7556}") = "FacadePattern", "FacadePattern\FacadePattern.csproj", "{57FC7027-3878-49B5-92CC-DECAAB72AE84}"
EndProject
Project("{9A19103F-16F7-4668-BE54-9A1E7A4F7556}") = "AdapterPattern", "AdapterPattern\AdapterPattern.csproj", "{27C4F156-B39C-4D5B-BB7E-5C97F225B255}"
EndProject
Project("{9A19103F-16F7-4668-BE54-9A1E7A4F7556}") = "ProxyPattern", "ProxyPattern\ProxyPattern.csproj", "{6F71CACF-A705-4533-8245-91D9E48BA557}"
EndProject
Project("{FAE04EC0-301F-11D3-BF4B-00C04F79EFBC}") = "FactoryMethodPattern", "FactoryMethodPattern\FactoryMethodPattern.csproj", "{FEEE6B78-645F-457E-891E-34823BEBB9CF}"
EndProject
Global
	GlobalSection(SolutionConfigurationPlatforms) = preSolution
		Debug|Any CPU = Debug|Any CPU
		Release|Any CPU = Release|Any CPU
	EndGlobalSection
	GlobalSection(ProjectConfigurationPlatforms) = postSolution
		{030DFE94-8A0B-46A2-B272-1F439ABF0B16}.Debug|Any CPU.ActiveCfg = Debug|Any CPU
		{030DFE94-8A0B-46A2-B272-1F439ABF0B16}.Debug|Any CPU.Build.0 = Debug|Any CPU
		{030DFE94-8A0B-46A2-B272-1F439ABF0B16}.Release|Any CPU.ActiveCfg = Release|Any CPU
		{030DFE94-8A0B-46A2-B272-1F439ABF0B16}.Release|Any CPU.Build.0 = Release|Any CPU
		{8449DDD9-78BC-4370-B7DD-FAA98CAF9AB1}.Debug|Any CPU.ActiveCfg = Debug|Any CPU
		{8449DDD9-78BC-4370-B7DD-FAA98CAF9AB1}.Debug|Any CPU.Build.0 = Debug|Any CPU
		{8449DDD9-78BC-4370-B7DD-FAA98CAF9AB1}.Release|Any CPU.ActiveCfg = Release|Any CPU
		{8449DDD9-78BC-4370-B7DD-FAA98CAF9AB1}.Release|Any CPU.Build.0 = Release|Any CPU
		{57FC7027-3878-49B5-92CC-DECAAB72AE84}.Debug|Any CPU.ActiveCfg = Debug|Any CPU
		{57FC7027-3878-49B5-92CC-DECAAB72AE84}.Debug|Any CPU.Build.0 = Debug|Any CPU
		{57FC7027-3878-49B5-92CC-DECAAB72AE84}.Release|Any CPU.ActiveCfg = Release|Any CPU
		{57FC7027-3878-49B5-92CC-DECAAB72AE84}.Release|Any CPU.Build.0 = Release|Any CPU
		{27C4F156-B39C-4D5B-BB7E-5C97F225B255}.Debug|Any CPU.ActiveCfg = Debug|Any CPU
		{27C4F156-B39C-4D5B-BB7E-5C97F225B255}.Debug|Any CPU.Build.0 = Debug|Any CPU
		{27C4F156-B39C-4D5B-BB7E-5C97F225B255}.Release|Any CPU.ActiveCfg = Release|Any CPU
		{27C4F156-B39C-4D5B-BB7E-5C97F225B255}.Release|Any CPU.Build.0 = Release|Any CPU
		{6F71CACF-A705-4533-8245-91D9E48BA557}.Debug|Any CPU.ActiveCfg = Debug|Any CPU
		{6F71CACF-A705-4533-8245-91D9E48BA557}.Debug|Any CPU.Build.0 = Debug|Any CPU
		{6F71CACF-A705-4533-8245-91D9E48BA557}.Release|Any CPU.ActiveCfg = Release|Any CPU
		{6F71CACF-A705-4533-8245-91D9E48BA557}.Release|Any CPU.Build.0 = Release|Any CPU
		{FEEE6B78-645F-457E-891E-34823BEBB9CF}.Debug|Any CPU.ActiveCfg = Debug|Any CPU
		{FEEE6B78-645F-457E-891E-34823BEBB9CF}.Debug|Any CPU.Build.0 = Debug|Any CPU
		{FEEE6B78-645F-457E-891E-34823BEBB9CF}.Release|Any CPU.ActiveCfg = Release|Any CPU
		{FEEE6B78-645F-457E-891E-34823BEBB9CF}.Release|Any CPU.Build.0 = Release|Any CPU
	EndGlobalSection
	GlobalSection(SolutionProperties) = preSolution
		HideSolutionNode = FALSE
	EndGlobalSection
	GlobalSection(ExtensibilityGlobals) = postSolution
		SolutionGuid = {3B187726-62AF-4B64-A881-A388F233035A}
	EndGlobalSection
EndGlobal
